#include<iostream>
#include<string>
#include<cstring>
#include<cstdlib>

using namespace std;
class Branch
{
private:
	int *arr;
public:
	int power(int num, int pow)
	{
		int k = 0, r = 1;
		while (k != pow)
		{
			r = r * num;
			k++;
		}
		return r;
	}
	int *ConvertToString(int num, int *root, int n)
	{
		int k, m = 0;
		arr = (int*)malloc(1700);
		for (k = 0; k < n; k++)
		{
			if (k < n - 1)
			{
				arr[k] = root[k];
			}
			else if (k == n - 1)
			{
				arr[k] = num / 2;
			}
		}
		arr[n] = '\0';
		while (m != power(2, n - 1))
		{
			for (k = 0; k < n; k++)
			{
				cout << arr[k] << " ";
			}
			cout << "\n";
			m++;
		}
		return arr;
	}
};

int main()
{
	Branch b;
	int root, input, i,k = 2;
	int rarray[2500], *p;
	cout << "Enter the number of inputs : " << endl;
	cin >> input;
	cout << "Enter root value : " << endl;
	cin >> root;
	cout << "Enter root string : " << endl;
	for (i = 0; i < 1; i++)
	{
		cin >> rarray[i];
	}
	while (k != input + 2)
	{
		p = b.ConvertToString(root, rarray, k);
		root = root / 2;
		k++;
		for (i = 0; i < k; i++)
		{
			rarray[i] = p[i];
		}
	}
	return 0;

}

An example is given below :

*//Input:
3 2^(3) 2^(3)

Output:
84
84
842
842
842
842
8421
8421
8421
8421
8421
8421
8421
8421
*//



